// !$*UTF8*$!
{
	archiveVersion = 1;
	classes = {
	};
	objectVersion = 51;
	objects = {

/* Begin PBXBuildFile section */
		01E441B6D0036EC848193C53 /* Pods_MapApp.framework in Frameworks */ = {isa = PBXBuildFile; fileRef = E458BA36F75B42C08EDB7CB4 /* Pods_MapApp.framework */; };
		9F02D443251CB5C8004808AC /* AppDelegate.swift in Sources */ = {isa = PBXBuildFile; fileRef = 9F02D442251CB5C8004808AC /* AppDelegate.swift */; };
		9F02D445251CB5C8004808AC /* SceneDelegate.swift in Sources */ = {isa = PBXBuildFile; fileRef = 9F02D444251CB5C8004808AC /* SceneDelegate.swift */; };
		9F02D447251CB5C8004808AC /* MapViewController.swift in Sources */ = {isa = PBXBuildFile; fileRef = 9F02D446251CB5C8004808AC /* MapViewController.swift */; };
		9F02D44A251CB5C8004808AC /* Main.storyboard in Resources */ = {isa = PBXBuildFile; fileRef = 9F02D448251CB5C8004808AC /* Main.storyboard */; };
		9F02D44C251CB5CA004808AC /* Assets.xcassets in Resources */ = {isa = PBXBuildFile; fileRef = 9F02D44B251CB5CA004808AC /* Assets.xcassets */; };
		9F02D44F251CB5CA004808AC /* LaunchScreen.storyboard in Resources */ = {isa = PBXBuildFile; fileRef = 9F02D44D251CB5CA004808AC /* LaunchScreen.storyboard */; };
/* End PBXBuildFile section */

/* Begin PBXFileReference section */
		9F02D43F251CB5C8004808AC /* MapApp.app */ = {isa = PBXFileReference; explicitFileType = wrapper.application; includeInIndex = 0; path = MapApp.app; sourceTree = BUILT_PRODUCTS_DIR; };
		9F02D442251CB5C8004808AC /* AppDelegate.swift */ = {isa = PBXFileReference; lastKnownFileType = sourcecode.swift; path = AppDelegate.swift; sourceTree = "<group>"; };
		9F02D444251CB5C8004808AC /* SceneDelegate.swift */ = {isa = PBXFileReference; lastKnownFileType = sourcecode.swift; path = SceneDelegate.swift; sourceTree = "<group>"; };
		9F02D446251CB5C8004808AC /* MapViewController.swift */ = {isa = PBXFileReference; lastKnownFileType = sourcecode.swift; path = MapViewController.swift; sourceTree = "<group>"; };
		9F02D449251CB5C8004808AC /* Base */ = {isa = PBXFileReference; lastKnownFileType = file.storyboard; name = Base; path = Base.lproj/Main.storyboard; sourceTree = "<group>"; };
		9F02D44B251CB5CA004808AC /* Assets.xcassets */ = {isa = PBXFileReference; lastKnownFileType = folder.assetcatalog; path = Assets.xcassets; sourceTree = "<group>"; };
		9F02D44E251CB5CA004808AC /* Base */ = {isa = PBXFileReference; lastKnownFileType = file.storyboard; name = Base; path = Base.lproj/LaunchScreen.storyboard; sourceTree = "<group>"; };
		9F02D450251CB5CA004808AC /* Info.plist */ = {isa = PBXFileReference; lastKnownFileType = text.plist.xml; path = Info.plist; sourceTree = "<group>"; };
		DD19CF1108ADA02018CEC7A0 /* Pods-MapApp.release.xcconfig */ = {isa = PBXFileReference; includeInIndex = 1; lastKnownFileType = text.xcconfig; name = "Pods-MapApp.release.xcconfig"; path = "Target Support Files/Pods-MapApp/Pods-MapApp.release.xcconfig"; sourceTree = "<group>"; };
		E458BA36F75B42C08EDB7CB4 /* Pods_MapApp.framework */ = {isa = PBXFileReference; explicitFileType = wrapper.framework; includeInIndex = 0; path = Pods_MapApp.framework; sourceTree = BUILT_PRODUCTS_DIR; };
		F68D984205804E07DD6C4369 /* Pods-MapApp.debug.xcconfig */ = {isa = PBXFileReference; includeInIndex = 1; lastKnownFileType = text.xcconfig; name = "Pods-MapApp.debug.xcconfig"; path = "Target Support Files/Pods-MapApp/Pods-MapApp.debug.xcconfig"; sourceTree = "<group>"; };
/* End PBXFileReference section */

/* Begin PBXFrameworksBuildPhase section */
		9F02D43C251CB5C8004808AC /* Frameworks */ = {
			isa = PBXFrameworksBuildPhase;
			buildActionMask = 2147483647;
			files = (
				01E441B6D0036EC848193C53 /* Pods_MapApp.framework in Frameworks */,
			);
			runOnlyForDeploymentPostprocessing = 0;
		};
/* End PBXFrameworksBuildPhase section */

/* Begin PBXGroup section */
		270AD4C7E496BFDEC62417AE /* Pods */ = {
			isa = PBXGroup;
			children = (
				F68D984205804E07DD6C4369 /* Pods-MapApp.debug.xcconfig */,
				DD19CF1108ADA02018CEC7A0 /* Pods-MapApp.release.xcconfig */,
			);
			path = Pods;
			sourceTree = "<group>";
		};
		9F02D436251CB5C8004808AC = {
			isa = PBXGroup;
			children = (
				9F02D441251CB5C8004808AC /* MapApp */,
				9F02D440251CB5C8004808AC /* Products */,
				270AD4C7E496BFDEC62417AE /* Pods */,
				F92097B09628E218C0B76728 /* Frameworks */,
			);
			sourceTree = "<group>";
		};
		9F02D440251CB5C8004808AC /* Products */ = {
			isa = PBXGroup;
			children = (
				9F02D43F251CB5C8004808AC /* MapApp.app */,
			);
			name = Products;
			sourceTree = "<group>";
		};
		9F02D441251CB5C8004808AC /* MapApp */ = {
			isa = PBXGroup;
			children = (
				9F02D442251CB5C8004808AC /* AppDelegate.swift */,
				9F02D444251CB5C8004808AC /* SceneDelegate.swift */,
				9F02D446251CB5C8004808AC /* MapViewController.swift */,
				9F02D448251CB5C8004808AC /* Main.storyboard */,
				9F02D44B251CB5CA004808AC /* Assets.xcassets */,
				9F02D44D251CB5CA004808AC /* LaunchScreen.storyboard */,
				9F02D450251CB5CA004808AC /* Info.plist */,
			);
			path = MapApp;
			sourceTree = "<group>";
		};
		F92097B09628E218C0B76728 /* Frameworks */ = {
			isa = PBXGroup;
			children = (
				E458BA36F75B42C08EDB7CB4 /* Pods_MapApp.framework */,
			);
			name = Frameworks;
			sourceTree = "<group>";
		};
/* End PBXGroup section */

/* Begin PBXNativeTarget section */
		9F02D43E251CB5C8004808AC /* MapApp */ = {
			isa = PBXNativeTarget;
			buildConfigurationList = 9F02D453251CB5CA004808AC /* Build configuration list for PBXNativeTarget "MapApp" */;
			buildPhases = (
				EA3DF2DB389C0EDEA09F8A62 /* [CP] Check Pods Manifest.lock */,
				9F02D43B251CB5C8004808AC /* Sources */,
				9F02D43C251CB5C8004808AC /* Frameworks */,
				9F02D43D251CB5C8004808AC /* Resources */,
				F4F3A7C3683B5EE97FD80D20 /* [CP] Copy Pods Resources */,
			);
			buildRules = (
			);
			dependencies = (
			);
			name = MapApp;
			productName = MapApp;
			productReference = 9F02D43F251CB5C8004808AC /* MapApp.app */;
			productType = "com.apple.product-type.application";
		};
/* End PBXNativeTarget section */

/* Begin PBXProject section */
		9F02D437251CB5C8004808AC /* Project object */ = {
			isa = PBXProject;
			attributes = {
				LastSwiftUpdateCheck = 1160;
				LastUpgradeCheck = 1160;
				ORGANIZATIONNAME = "Vladimir Rogozhkin";
				TargetAttributes = {
					9F02D43E251CB5C8004808AC = {
						CreatedOnToolsVersion = 11.6;
					};
				};
			};
			buildConfigurationList = 9F02D43A251CB5C8004808AC /* Build configuration list for PBXProject "MapApp" */;
			compatibilityVersion = "Xcode 9.3";
			developmentRegion = en;
			hasScannedForEncodings = 0;
			knownRegions = (
				en,
				Base,
			);
			mainGroup = 9F02D436251CB5C8004808AC;
			productRefGroup = 9F02D440251CB5C8004808AC /* Products */;
			projectDirPath = "";
			projectRoot = "";
			targets = (
				9F02D43E251CB5C8004808AC /* MapApp */,
			);
		};
/* End PBXProject section */

/* Begin PBXResourcesBuildPhase section */
		9F02D43D251CB5C8004808AC /* Resources */ = {
			isa = PBXResourcesBuildPhase;
			buildActionMask = 2147483647;
			files = (
				9F02D44F251CB5CA004808AC /* LaunchScreen.storyboard in Resources */,
				9F02D44C251CB5CA004808AC /* Assets.xcassets in Resources */,
				9F02D44A251CB5C8004808AC /* Main.storyboard in Resources */,
			);
			runOnlyForDeploymentPostprocessing = 0;
		};
/* End PBXResourcesBuildPhase section */

/* Begin PBXShellScriptBuildPhase section */
		EA3DF2DB389C0EDEA09F8A62 /* [CP] Check Pods Manifest.lock */ = {
			isa = PBXShellScriptBuildPhase;
			buildActionMask = 2147483647;
			files = (
			);
			inputFileListPaths = (
			);
			inputPaths = (
				"${PODS_PODFILE_DIR_PATH}/Podfile.lock",
				"${PODS_ROOT}/Manifest.lock",
			);
			name = "[CP] Check Pods Manifest.lock";
			outputFileListPaths = (
			);
			outputPaths = (
				"$(DERIVED_FILE_DIR)/Pods-MapApp-checkManifestLockResult.txt",
			);
			runOnlyForDeploymentPostprocessing = 0;
			shellPath = /bin/sh;
			shellScript = "diff \"${PODS_PODFILE_DIR_PATH}/Podfile.lock\" \"${PODS_ROOT}/Manifest.lock\" > /dev/null\nif [ $? != 0 ] ; then\n    # print error to STDERR\n    echo \"error: The sandbox is not in sync with the Podfile.lock. Run 'pod install' or update your CocoaPods installation.\" >&2\n    exit 1\nfi\n# This output is used by Xcode 'outputs' to avoid re-running this script phase.\necho \"SUCCESS\" > \"${SCRIPT_OUTPUT_FILE_0}\"\n";
			showEnvVarsInLog = 0;
		};
		F4F3A7C3683B5EE97FD80D20 /* [CP] Copy Pods Resources */ = {
			isa = PBXShellScriptBuildPhase;
			buildActionMask = 2147483647;
			files = (
			);
			inputFileListPaths = (
				"${PODS_ROOT}/Target Support Files/Pods-MapApp/Pods-MapApp-resources-${CONFIGURATION}-input-files.xcfilelist",
			);
			name = "[CP] Copy Pods Resources";
			outputFileListPaths = (
				"${PODS_ROOT}/Target Support Files/Pods-MapApp/Pods-MapApp-resources-${CONFIGURATION}-output-files.xcfilelist",
			);
			runOnlyForDeploymentPostprocessing = 0;
			shellPath = /bin/sh;
			shellScript = "\"${PODS_ROOT}/Target Support Files/Pods-MapApp/Pods-MapApp-resources.sh\"\n";
			showEnvVarsInLog = 0;
		};
/* End PBXShellScriptBuildPhase section */

/* Begin PBXSourcesBuildPhase section */
		9F02D43B251CB5C8004808AC /* Sources */ = {
			isa = PBXSourcesBuildPhase;
			buildActionMask = 2147483647;
			files = (
				9F02D447251CB5C8004808AC /* MapViewController.swift in Sources */,
				9F02D443251CB5C8004808AC /* AppDelegate.swift in Sources */,
				9F02D445251CB5C8004808AC /* SceneDelegate.swift in Sources */,
			);
			runOnlyForDeploymentPostprocessing = 0;
		};
/* End PBXSourcesBuildPhase section */

/* Begin PBXVariantGroup section */
		9F02D448251CB5C8004808AC /* Main.storyboard */ = {
			isa = PBXVariantGroup;
			children = (
				9F02D449251CB5C8004808AC /* Base */,
			);
			name = Main.storyboard;
			sourceTree = "<group>";
		};
		9F02D44D251CB5CA004808AC /* LaunchScreen.storyboard */ = {
			isa = PBXVariantGroup;
			children = (
				9F02D44E251CB5CA004808AC /* Base */,
			);
			name = LaunchScreen.storyboard;
			sourceTree = "<group>";
		};
/* End PBXVariantGroup section */

/* Begin XCBuildConfiguration section */
		9F02D451251CB5CA004808AC /* Debug */ = {
			isa = XCBuildConfiguration;
			buildSettings = {
				ALWAYS_SEARCH_USER_PATHS = NO;
				CLANG_ANALYZER_NONNULL = YES;
				CLANG_ANALYZER_NUMBER_OBJECT_CONVERSION = YES_AGGRESSIVE;
				CLANG_CXX_LANGUAGE_STANDARD = "gnu++14";
				CLANG_CXX_LIBRARY = "libc++";
				CLANG_ENABLE_MODULES = YES;
				CLANG_ENABLE_OBJC_ARC = YES;
				CLANG_ENABLE_OBJC_WEAK = YES;
				CLANG_WARN_BLOCK_CAPTURE_AUTORELEASING = YES;
				CLANG_WARN_BOOL_CONVERSION = YES;
				CLANG_WARN_COMMA = YES;
				CLANG_WARN_CONSTANT_CONVERSION = YES;
				CLANG_WARN_DEPRECATED_OBJC_IMPLEMENTATIONS = YES;
				CLANG_WARN_DIRECT_OBJC_ISA_USAGE = YES_ERROR;
				CLANG_WARN_DOCUMENTATION_COMMENTS = YES;
				CLANG_WARN_EMPTY_BODY = YES;
				CLANG_WARN_ENUM_CONVERSION = YES;
				CLANG_WARN_INFINITE_RECURSION = YES;
				CLANG_WARN_INT_CONVERSION = YES;
				CLANG_WARN_NON_LITERAL_NULL_CONVERSION = YES;
				CLANG_WARN_OBJC_IMPLICIT_RETAIN_SELF = YES;
				CLANG_WARN_OBJC_LITERAL_CONVERSION = YES;
				CLANG_WARN_OBJC_ROOT_CLASS = YES_ERROR;
				CLANG_WARN_RANGE_LOOP_ANALYSIS = YES;
				CLANG_WARN_STRICT_PROTOTYPES = YES;
				CLANG_WARN_SUSPICIOUS_MOVE = YES;
				CLANG_WARN_UNGUARDED_AVAILABILITY = YES_AGGRESSIVE;
				CLANG_WARN_UNREACHABLE_CODE = YES;
				CLANG_WARN__DUPLICATE_METHOD_MATCH = YES;
				COPY_PHASE_STRIP = NO;
				DEBUG_INFORMATION_FORMAT = dwarf;
				ENABLE_STRICT_OBJC_MSGSEND = YES;
				ENABLE_TESTABILITY = YES;
				GCC_C_LANGUAGE_STANDARD = gnu11;
				GCC_DYNAMIC_NO_PIC = NO;
				GCC_NO_COMMON_BLOCKS = YES;
				GCC_OPTIMIZATION_LEVEL = 0;
				GCC_PREPROCESSOR_DEFINITIONS = (
					"DEBUG=1",
					"$(inherited)",
				);
				GCC_WARN_64_TO_32_BIT_CONVERSION = YES;
				GCC_WARN_ABOUT_RETURN_TYPE = YES_ERROR;
				GCC_WARN_UNDECLARED_SELECTOR = YES;
				GCC_WARN_UNINITIALIZED_AUTOS = YES_AGGRESSIVE;
				GCC_WARN_UNUSED_FUNCTION = YES;
				GCC_WARN_UNUSED_VARIABLE = YES;
				IPHONEOS_DEPLOYMENT_TARGET = 13.6;
				MTL_ENABLE_DEBUG_INFO = INCLUDE_SOURCE;
				MTL_FAST_MATH = YES;
				ONLY_ACTIVE_ARCH = YES;
				SDKROOT = iphoneos;
				SWIFT_ACTIVE_COMPILATION_CONDITIONS = DEBUG;
				SWIFT_OPTIMIZATION_LEVEL = "-Onone";
			};
			name = Debug;
		};
		9F02D452251CB5CA004808AC /* Release */ = {
			isa = XCBuildConfiguration;
			buildSettings = {
				ALWAYS_SEARCH_USER_PATHS = NO;
				CLANG_ANALYZER_NONNULL = YES;
				CLANG_ANALYZER_NUMBER_OBJECT_CONVERSION = YES_AGGRESSIVE;
				CLANG_CXX_LANGUAGE_STANDARD = "gnu++14";
				CLANG_CXX_LIBRARY = "libc++";
				CLANG_ENABLE_MODULES = YES;
				CLANG_ENABLE_OBJC_ARC = YES;
				CLANG_ENABLE_OBJC_WEAK = YES;
				CLANG_WARN_BLOCK_CAPTURE_AUTORELEASING = YES;
				CLANG_WARN_BOOL_CONVERSION = YES;
				CLANG_WARN_COMMA = YES;
				CLANG_WARN_CONSTANT_CONVERSION = YES;
				CLANG_WARN_DEPRECATED_OBJC_IMPLEMENTATIONS = YES;
				CLANG_WARN_DIRECT_OBJC_ISA_USAGE = YES_ERROR;
				CLANG_WARN_DOCUMENTATION_COMMENTS = YES;
				CLANG_WARN_EMPTY_BODY = YES;
				CLANG_WARN_ENUM_CONVERSION = YES;
				CLANG_WARN_INFINITE_RECURSION = YES;
				CLANG_WARN_INT_CONVERSION = YES;
				CLANG_WARN_NON_LITERAL_NULL_CONVERSION = YES;
				CLANG_WARN_OBJC_IMPLICIT_RETAIN_SELF = YES;
				CLANG_WARN_OBJC_LITERAL_CONVERSION = YES;
				CLANG_WARN_OBJC_ROOT_CLASS = YES_ERROR;
				CLANG_WARN_RANGE_LOOP_ANALYSIS = YES;
				CLANG_WARN_STRICT_PROTOTYPES = YES;
				CLANG_WARN_SUSPICIOUS_MOVE = YES;
				CLANG_WARN_UNGUARDED_AVAILABILITY = YES_AGGRESSIVE;
				CLANG_WARN_UNREACHABLE_CODE = YES;
				CLANG_WARN__DUPLICATE_METHOD_MATCH = YES;
				COPY_PHASE_STRIP = NO;
				DEBUG_INFORMATION_FORMAT = "dwarf-with-dsym";
				ENABLE_NS_ASSERTIONS = NO;
				ENABLE_STRICT_OBJC_MSGSEND = YES;
				GCC_C_LANGUAGE_STANDARD = gnu11;
				GCC_NO_COMMON_BLOCKS = YES;
				GCC_WARN_64_TO_32_BIT_CONVERSION = YES;
				GCC_WARN_ABOUT_RETURN_TYPE = YES_ERROR;
				GCC_WARN_UNDECLARED_SELECTOR = YES;
				GCC_WARN_UNINITIALIZED_AUTOS = YES_AGGRESSIVE;
				GCC_WARN_UNUSED_FUNCTION = YES;
				GCC_WARN_UNUSED_VARIABLE = YES;
				IPHONEOS_DEPLOYMENT_TARGET = 13.6;
				MTL_ENABLE_DEBUG_INFO = NO;
				MTL_FAST_MATH = YES;
				SDKROOT = iphoneos;
				SWIFT_COMPILATION_MODE = wholemodule;
				SWIFT_OPTIMIZATION_LEVEL = "-O";
				VALIDATE_PRODUCT = YES;
			};
			name = Release;
		};
		9F02D454251CB5CA004808AC /* Debug */ = {
			isa = XCBuildConfiguration;
			baseConfigurationReference = F68D984205804E07DD6C4369 /* Pods-MapApp.debug.xcconfig */;
			buildSettings = {
				ASSETCATALOG_COMPILER_APPICON_NAME = AppIcon;
				CODE_SIGN_STYLE = Automatic;
				DEVELOPMENT_TEAM = XZA8H37U6W;
				INFOPLIST_FILE = MapApp/Info.plist;
				LD_RUNPATH_SEARCH_PATHS = (
					"$(inherited)",
					"@executable_path/Frameworks",
				);
				PRODUCT_BUNDLE_IDENTIFIER = Yakumo.MapApp;
				PRODUCT_NAME = "$(TARGET_NAME)";
				SWIFT_VERSION = 5.0;
				TARGETED_DEVICE_FAMILY = "1,2";
			};
			name = Debug;
		};
		9F02D455251CB5CA004808AC /* Release */ = {
			isa = XCBuildConfiguration;
			baseConfigurationReference = DD19CF1108ADA02018CEC7A0 /* Pods-MapApp.release.xcconfig */;
			buildSettings = {
				ASSETCATALOG_COMPILER_APPICON_NAME = AppIcon;
				CODE_SIGN_STYLE = Automatic;
				DEVELOPMENT_TEAM = XZA8H37U6W;
				INFOPLIST_FILE = MapApp/Info.plist;
				LD_RUNPATH_SEARCH_PATHS = (
					"$(inherited)",
					"@executable_path/Frameworks",
				);
				PRODUCT_BUNDLE_IDENTIFIER = Yakumo.MapApp;
				PRODUCT_NAME = "$(TARGET_NAME)";
				SWIFT_VERSION = 5.0;
				TARGETED_DEVICE_FAMILY = "1,2";
			};
			name = Release;
		};
/* End XCBuildConfiguration section */

/* Begin XCConfigurationList section */
		9F02D43A251CB5C8004808AC /* Build configuration list for PBXProject "MapApp" */ = {
			isa = XCConfigurationList;
			buildConfigurations = (
				9F02D451251CB5CA004808AC /* Debug */,
				9F02D452251CB5CA004808AC /* Release */,
			);
			defaultConfigurationIsVisible = 0;
			defaultConfigurationName = Release;
		};
		9F02D453251CB5CA004808AC /* Build configuration list for PBXNativeTarget "MapApp" */ = {
			isa = XCConfigurationList;
			buildConfigurations = (
				9F02D454251CB5CA004808AC /* Debug */,
				9F02D455251CB5CA004808AC /* Release */,
			);
			defaultConfigurationIsVisible = 0;
			defaultConfigurationName = Release;
		};
/* End XCConfigurationList section */
	};
	rootObject = 9F02D437251CB5C8004808AC /* Project object */;
}
